<?xml version="1.0" encoding="utf-8"?>
<Project ToolsVersion="4.0" xmlns="http://schemas.microsoft.com/developer/msbuild/2003">
  <ItemGroup>
    <Filter Include="PropertySheets">
      <UniqueIdentifier>{f792cb7d-b6e1-4c64-bbb7-0c84583edeff}</UniqueIdentifier>
    </Filter>
    <Filter Include="Source">
      <UniqueIdentifier>{4FC737F1-C7A5-4376-A066-2A32D752A2FF}</UniqueIdentifier>
      <Extensions>cpp;c;cc;cxx;def;odl;idl;hpj;bat;asm;asmx</Extensions>
    </Filter>
    <Filter Include="Resources">
      <UniqueIdentifier>{67DA6AB6-F800-4c08-8B7A-83BB121AAD01}</UniqueIdentifier>
      <Extensions>rc;ico;cur;bmp;dlg;rc2;rct;bin;rgs;gif;jpg;jpeg;jpe;resx;tiff;tif;png;wav;mfcribbon-ms</Extensions>
    </Filter>
    <Filter Include="Source\Vulkan">
      <UniqueIdentifier>{7a2e61c7-ad83-4569-8bcd-eabfe3ebadd7}</UniqueIdentifier>
    </Filter>
    <Filter Include="Source\Vulkan\Device">
      <UniqueIdentifier>{31778c83-4f39-4f47-9e0a-30d0eebb9443}</UniqueIdentifier>
    </Filter>
    <Filter Include="Source\Vulkan\SwapChain">
      <UniqueIdentifier>{e5cd416c-99ee-43a5-a0da-f695813c0caa}</UniqueIdentifier>
    </Filter>
    <Filter Include="Source\Vulkan\Misc">
      <UniqueIdentifier>{bd2c6d0a-fdb1-4135-9392-238a9c7b913f}</UniqueIdentifier>
    </Filter>
    <Filter Include="Source\Vulkan\Command">
      <UniqueIdentifier>{761d6f35-aa37-46a1-9d90-0e2abdbd7262}</UniqueIdentifier>
    </Filter>
    <Filter Include="Source\Vulkan\Fence">
      <UniqueIdentifier>{709e3b17-f7d0-4dfe-85a3-e7108b106d00}</UniqueIdentifier>
    </Filter>
    <Filter Include="Source\Vulkan\Resource">
      <UniqueIdentifier>{836371cb-01a3-41e6-b96b-821a9a089b49}</UniqueIdentifier>
    </Filter>
    <Filter Include="Source\Vulkan\View">
      <UniqueIdentifier>{5187bf58-aa93-496c-91ed-a2982fa75d46}</UniqueIdentifier>
    </Filter>
    <Filter Include="Source\Vulkan\RenderPass">
      <UniqueIdentifier>{c3befe4d-945d-4b9e-8c11-59dbd104947d}</UniqueIdentifier>
    </Filter>
    <Filter Include="Source\Vulkan\Descriptor">
      <UniqueIdentifier>{d64578a5-8868-4273-b696-d834788729ac}</UniqueIdentifier>
    </Filter>
    <Filter Include="Source\Vulkan\Pipeline">
      <UniqueIdentifier>{b777481c-b9e6-4d46-8d8a-53a10eb8422b}</UniqueIdentifier>
    </Filter>
    <Filter Include="Source\Vulkan\Query">
      <UniqueIdentifier>{0fc0b3b0-7984-4e5a-9175-3e8656940a50}</UniqueIdentifier>
    </Filter>
  </ItemGroup>
  <ItemGroup>
    <ClCompile Include="..\..\..\Source\API\Vulkan\DeviceFactoryVk.cpp">
      <Filter>Source\Vulkan\Device</Filter>
    </ClCompile>
    <ClCompile Include="..\..\..\Source\API\vulkan\Buma3DPCH.cpp">
      <Filter>Source</Filter>
    </ClCompile>
    <ClCompile Include="..\..\..\Source\API\Vulkan\DeviceAdapterVk.cpp">
      <Filter>Source\Vulkan\Device</Filter>
    </ClCompile>
    <ClCompile Include="..\..\..\Source\API\Vulkan\Buma3DVk.cpp">
      <Filter>Source</Filter>
    </ClCompile>
    <ClCompile Include="..\..\..\Source\API\Vulkan\SurfaceVk.cpp">
      <Filter>Source\Vulkan\SwapChain</Filter>
    </ClCompile>
    <ClCompile Include="..\..\..\Source\API\Vulkan\UtilsVk.cpp">
      <Filter>Source\Vulkan\Misc</Filter>
    </ClCompile>
    <ClCompile Include="..\..\..\Source\API\Vulkan\VulkanDevicePFN.cpp">
      <Filter>Source\Vulkan\Misc</Filter>
    </ClCompile>
    <ClCompile Include="..\..\..\Source\API\Vulkan\VulkanInstancePFN.cpp">
      <Filter>Source\Vulkan\Misc</Filter>
    </ClCompile>
    <ClCompile Include="..\..\..\Source\API\Vulkan\FormatUtilsVk.cpp">
      <Filter>Source\Vulkan\Misc</Filter>
    </ClCompile>
    <ClCompile Include="..\..\..\Source\API\Vulkan\DeviceVk.cpp">
      <Filter>Source\Vulkan\Device</Filter>
    </ClCompile>
    <ClCompile Include="..\..\..\Source\API\Vulkan\CommandQueueVk.cpp">
      <Filter>Source\Vulkan\Command</Filter>
    </ClCompile>
    <ClCompile Include="..\..\..\Source\API\Vulkan\FenceVk.cpp">
      <Filter>Source\Vulkan\Fence</Filter>
    </ClCompile>
    <ClCompile Include="..\..\..\Source\API\Vulkan\SwapChainVk.cpp">
      <Filter>Source\Vulkan\SwapChain</Filter>
    </ClCompile>
    <ClCompile Include="..\..\..\Source\API\Vulkan\DebugMessageQueueVk.cpp">
      <Filter>Source\Vulkan\Misc</Filter>
    </ClCompile>
    <ClCompile Include="..\..\..\Source\API\Vulkan\DebugMessageVk.cpp">
      <Filter>Source\Vulkan\Misc</Filter>
    </ClCompile>
    <ClCompile Include="..\..\..\Source\API\Vulkan\ResourceHeapVk.cpp">
      <Filter>Source\Vulkan\Resource</Filter>
    </ClCompile>
    <ClCompile Include="..\..\..\Source\API\Vulkan\BufferVk.cpp">
      <Filter>Source\Vulkan\Resource</Filter>
    </ClCompile>
    <ClCompile Include="..\..\..\Source\API\Vulkan\TextureVk.cpp">
      <Filter>Source\Vulkan\Resource</Filter>
    </ClCompile>
    <ClCompile Include="..\..\..\Source\API\Vulkan\ShaderResourceViewVk.cpp">
      <Filter>Source\Vulkan\View</Filter>
    </ClCompile>
    <ClCompile Include="..\..\..\Source\API\Vulkan\UnorderedAccessViewVk.cpp">
      <Filter>Source\Vulkan\View</Filter>
    </ClCompile>
    <ClCompile Include="..\..\..\Source\API\Vulkan\ConstantBufferViewVk.cpp">
      <Filter>Source\Vulkan\View</Filter>
    </ClCompile>
    <ClCompile Include="..\..\..\Source\API\Vulkan\IndexBufferViewVk.cpp">
      <Filter>Source\Vulkan\View</Filter>
    </ClCompile>
    <ClCompile Include="..\..\..\Source\API\Vulkan\VertexBufferViewVk.cpp">
      <Filter>Source\Vulkan\View</Filter>
    </ClCompile>
    <ClCompile Include="..\..\..\Source\API\Vulkan\SamplerViewVk.cpp">
      <Filter>Source\Vulkan\View</Filter>
    </ClCompile>
    <ClCompile Include="..\..\..\Source\API\Vulkan\RenderTargetViewVk.cpp">
      <Filter>Source\Vulkan\View</Filter>
    </ClCompile>
    <ClCompile Include="..\..\..\Source\API\Vulkan\DepthStencilViewVk.cpp">
      <Filter>Source\Vulkan\View</Filter>
    </ClCompile>
    <ClCompile Include="..\..\..\Source\API\Vulkan\RenderPassVk.cpp">
      <Filter>Source\Vulkan\RenderPass</Filter>
    </ClCompile>
    <ClCompile Include="..\..\..\Source\API\Vulkan\FramebufferVk.cpp">
      <Filter>Source\Vulkan\RenderPass</Filter>
    </ClCompile>
    <ClCompile Include="..\..\..\Source\API\Vulkan\RootSignatureVk.cpp">
      <Filter>Source\Vulkan\Descriptor</Filter>
    </ClCompile>
    <ClCompile Include="..\..\..\Source\API\Vulkan\DescriptorPoolVk.cpp">
      <Filter>Source\Vulkan\Descriptor</Filter>
    </ClCompile>
    <ClCompile Include="..\..\..\Source\API\Vulkan\DescriptorSetVk.cpp">
      <Filter>Source\Vulkan\Descriptor</Filter>
    </ClCompile>
    <ClCompile Include="..\..\..\Source\API\Vulkan\PipelineStateVk.cpp">
      <Filter>Source\Vulkan\Pipeline</Filter>
    </ClCompile>
    <ClCompile Include="..\..\..\Source\API\Vulkan\ComputePipelineStateVk.cpp">
      <Filter>Source\Vulkan\Pipeline</Filter>
    </ClCompile>
    <ClCompile Include="..\..\..\Source\API\Vulkan\GraphicsPipelineStateVk.cpp">
      <Filter>Source\Vulkan\Pipeline</Filter>
    </ClCompile>
    <ClCompile Include="..\..\..\Source\API\Vulkan\RayTracingPipelineStateVk.cpp">
      <Filter>Source\Vulkan\Pipeline</Filter>
    </ClCompile>
    <ClCompile Include="..\..\..\Source\API\Vulkan\ShaderModuleVk.cpp">
      <Filter>Source\Vulkan\Pipeline</Filter>
    </ClCompile>
    <ClCompile Include="..\..\..\Source\API\Vulkan\CommandAllocatorVk.cpp">
      <Filter>Source\Vulkan\Command</Filter>
    </ClCompile>
    <ClCompile Include="..\..\..\Source\API\Vulkan\CommandListVk.cpp">
      <Filter>Source\Vulkan\Command</Filter>
    </ClCompile>
    <ClCompile Include="..\..\..\Source\API\Vulkan\CommandSignatureVk.cpp">
      <Filter>Source\Vulkan\Command</Filter>
    </ClCompile>
    <ClCompile Include="..\..\..\Source\API\Vulkan\QueryHeapVk.cpp">
      <Filter>Source\Vulkan\Query</Filter>
    </ClCompile>
    <ClCompile Include="..\..\..\Source\API\Vulkan\StreamOutputBufferViewVk.cpp">
      <Filter>Source\Vulkan\View</Filter>
    </ClCompile>
    <ClCompile Include="..\..\..\Source\API\Vulkan\DescriptorSetLayoutVk.cpp">
      <Filter>Source\Vulkan\Descriptor</Filter>
    </ClCompile>
  </ItemGroup>
  <ItemGroup>
    <None Include="Debug_x64.props">
      <Filter>PropertySheets</Filter>
    </None>
    <None Include="PropertySheet.props">
      <Filter>PropertySheets</Filter>
    </None>
    <None Include="Release_x64.props">
      <Filter>PropertySheets</Filter>
    </None>
  </ItemGroup>
  <ItemGroup>
    <ClInclude Include="..\..\..\Source\API\Vulkan\DeviceFactoryVk.h">
      <Filter>Source\Vulkan\Device</Filter>
    </ClInclude>
    <ClInclude Include="..\..\..\Source\API\vulkan\Buma3DPCH.h">
      <Filter>Source</Filter>
    </ClInclude>
    <ClInclude Include="..\..\..\Source\API\Vulkan\DeviceAdapterVk.h">
      <Filter>Source\Vulkan\Device</Filter>
    </ClInclude>
    <ClInclude Include="..\..\..\Source\API\Vulkan\SurfaceVk.h">
      <Filter>Source\Vulkan\SwapChain</Filter>
    </ClInclude>
    <ClInclude Include="..\..\..\Source\API\Vulkan\UtilsVk.h">
      <Filter>Source\Vulkan\Misc</Filter>
    </ClInclude>
    <ClInclude Include="..\..\..\Source\API\Vulkan\VulkanDevicePFN.h">
      <Filter>Source\Vulkan\Misc</Filter>
    </ClInclude>
    <ClInclude Include="..\..\..\Source\API\Vulkan\VulkanInstancePFN.h">
      <Filter>Source\Vulkan\Misc</Filter>
    </ClInclude>
    <ClInclude Include="..\..\..\Source\API\Vulkan\FormatUtilsVk.h">
      <Filter>Source\Vulkan\Misc</Filter>
    </ClInclude>
    <ClInclude Include="..\..\..\Source\API\Vulkan\DeviceVk.h">
      <Filter>Source\Vulkan\Device</Filter>
    </ClInclude>
    <ClInclude Include="..\..\..\Source\API\Vulkan\DeviceChildVk.h">
      <Filter>Source\Vulkan\Device</Filter>
    </ClInclude>
    <ClInclude Include="..\..\..\Source\API\Vulkan\CommandQueueVk.h">
      <Filter>Source\Vulkan\Command</Filter>
    </ClInclude>
    <ClInclude Include="..\..\..\Source\API\Vulkan\FenceVk.h">
      <Filter>Source\Vulkan\Fence</Filter>
    </ClInclude>
    <ClInclude Include="..\..\..\Source\API\Vulkan\SwapChainVk.h">
      <Filter>Source\Vulkan\SwapChain</Filter>
    </ClInclude>
    <ClInclude Include="..\..\..\Source\API\Vulkan\DebugMessageQueueVk.h">
      <Filter>Source\Vulkan\Misc</Filter>
    </ClInclude>
    <ClInclude Include="..\..\..\Source\API\Vulkan\DebugMessageVk.h">
      <Filter>Source\Vulkan\Misc</Filter>
    </ClInclude>
    <ClInclude Include="..\..\..\Source\API\Vulkan\ResourceHeapVk.h">
      <Filter>Source\Vulkan\Resource</Filter>
    </ClInclude>
    <ClInclude Include="..\..\..\Source\API\Vulkan\ResourceVk.h">
      <Filter>Source\Vulkan\Resource</Filter>
    </ClInclude>
    <ClInclude Include="..\..\..\Source\API\Vulkan\BufferVk.h">
      <Filter>Source\Vulkan\Resource</Filter>
    </ClInclude>
    <ClInclude Include="..\..\..\Source\API\Vulkan\TextureVk.h">
      <Filter>Source\Vulkan\Resource</Filter>
    </ClInclude>
    <ClInclude Include="..\..\..\Source\API\Vulkan\ShaderResourceViewVk.h">
      <Filter>Source\Vulkan\View</Filter>
    </ClInclude>
    <ClInclude Include="..\..\..\Source\API\Vulkan\UnorderedAccessViewVk.h">
      <Filter>Source\Vulkan\View</Filter>
    </ClInclude>
    <ClInclude Include="..\..\..\Source\API\Vulkan\ConstantBufferViewVk.h">
      <Filter>Source\Vulkan\View</Filter>
    </ClInclude>
    <ClInclude Include="..\..\..\Source\API\Vulkan\IndexBufferViewVk.h">
      <Filter>Source\Vulkan\View</Filter>
    </ClInclude>
    <ClInclude Include="..\..\..\Source\API\Vulkan\VertexBufferViewVk.h">
      <Filter>Source\Vulkan\View</Filter>
    </ClInclude>
    <ClInclude Include="..\..\..\Source\API\Vulkan\SamplerViewVk.h">
      <Filter>Source\Vulkan\View</Filter>
    </ClInclude>
    <ClInclude Include="..\..\..\Source\API\Vulkan\RenderTargetViewVk.h">
      <Filter>Source\Vulkan\View</Filter>
    </ClInclude>
    <ClInclude Include="..\..\..\Source\API\Vulkan\DepthStencilViewVk.h">
      <Filter>Source\Vulkan\View</Filter>
    </ClInclude>
    <ClInclude Include="..\..\..\Source\API\Vulkan\RenderPassVk.h">
      <Filter>Source\Vulkan\RenderPass</Filter>
    </ClInclude>
    <ClInclude Include="..\..\..\Source\API\Vulkan\FramebufferVk.h">
      <Filter>Source\Vulkan\RenderPass</Filter>
    </ClInclude>
    <ClInclude Include="..\..\..\Source\API\Vulkan\RootSignatureVk.h">
      <Filter>Source\Vulkan\Descriptor</Filter>
    </ClInclude>
    <ClInclude Include="..\..\..\Source\API\Vulkan\DescriptorPoolVk.h">
      <Filter>Source\Vulkan\Descriptor</Filter>
    </ClInclude>
    <ClInclude Include="..\..\..\Source\API\Vulkan\DescriptorSetVk.h">
      <Filter>Source\Vulkan\Descriptor</Filter>
    </ClInclude>
    <ClInclude Include="..\..\..\Source\API\Vulkan\PipelineStateVk.h">
      <Filter>Source\Vulkan\Pipeline</Filter>
    </ClInclude>
    <ClInclude Include="..\..\..\Source\API\Vulkan\ComputePipelineStateVk.h">
      <Filter>Source\Vulkan\Pipeline</Filter>
    </ClInclude>
    <ClInclude Include="..\..\..\Source\API\Vulkan\GraphicsPipelineStateVk.h">
      <Filter>Source\Vulkan\Pipeline</Filter>
    </ClInclude>
    <ClInclude Include="..\..\..\Source\API\Vulkan\RayTracingPipelineStateVk.h">
      <Filter>Source\Vulkan\Pipeline</Filter>
    </ClInclude>
    <ClInclude Include="..\..\..\Source\API\Vulkan\ShaderModuleVk.h">
      <Filter>Source\Vulkan\Pipeline</Filter>
    </ClInclude>
    <ClInclude Include="..\..\..\Source\API\Vulkan\CommandAllocatorVk.h">
      <Filter>Source\Vulkan\Command</Filter>
    </ClInclude>
    <ClInclude Include="..\..\..\Source\API\Vulkan\CommandListVk.h">
      <Filter>Source\Vulkan\Command</Filter>
    </ClInclude>
    <ClInclude Include="..\..\..\Source\API\Vulkan\CommandSignatureVk.h">
      <Filter>Source\Vulkan\Command</Filter>
    </ClInclude>
    <ClInclude Include="..\..\..\Source\API\Vulkan\QueryHeapVk.h">
      <Filter>Source\Vulkan\Query</Filter>
    </ClInclude>
    <ClInclude Include="..\..\..\Source\API\Vulkan\ViewVk.h">
      <Filter>Source\Vulkan\View</Filter>
    </ClInclude>
    <ClInclude Include="..\..\..\Source\API\Vulkan\StreamOutputBufferViewVk.h">
      <Filter>Source\Vulkan\View</Filter>
    </ClInclude>
    <ClInclude Include="..\..\..\Source\API\Vulkan\DescriptorSetLayoutVk.h">
      <Filter>Source\Vulkan\Descriptor</Filter>
    </ClInclude>
  </ItemGroup>
</Project>